{
  "name": "tokamak-l2js",
  "version": "0.0.1",
  "lockfileVersion": 3,
  "requires": true,
  "packages": {
    "": {
      "name": "tokamak-l2js",
      "version": "0.0.1",
      "license": "MIT OR Apache-2.0",
      "dependencies": {
        "@ethereumjs/common": "^10.0.0",
        "@ethereumjs/rlp": "^10.0.0",
        "@ethereumjs/statemanager": "^10.0.0",
        "@ethereumjs/tx": "^10.0.0",
        "@ethereumjs/util": "^10.0.0",
        "@noble/curves": "^1.9.0",
        "@zk-kit/imt": "2.0.0-beta.8",
        "dotenv": "^17.2.0",
        "ethereum-cryptography": "^3.0.0",
        "ethers": "^6.14.3",
        "poseidon-bls12381": "^1.0.2"
      },
      "devDependencies": {
        "typescript": "^5.8.3"
      },
      "engines": {
        "node": ">=18"
      }
    },
    "node_modules/@adraffy/ens-normalize": {
      "version": "1.10.1",
      "resolved": "https://registry.npmjs.org/@adraffy/ens-normalize/-/ens-normalize-1.10.1.tgz",
      "integrity": "sha512-96Z2IP3mYmF1Xg2cDm8f1gWGf/HUVedQ3FMifV4kG/PQ4yEP51xDtRAEfhVNt5f/uzpNkZHwWQuUcu6D6K+Ekw==",
      "license": "MIT"
    },
    "node_modules/@ethereumjs/binarytree": {
      "version": "10.1.0",
      "resolved": "https://registry.npmjs.org/@ethereumjs/binarytree/-/binarytree-10.1.0.tgz",
      "integrity": "sha512-54n24oYJqgDk6DtXVjjGohjQCFCDgcvI2+AeNGRZcsQuz6yE2HYvxWq8VrAAcR8ja/gNc9eVYL51DvU93qK8Eg==",
      "license": "MIT",
      "dependencies": {
        "@ethereumjs/rlp": "^10.1.0",
        "@ethereumjs/util": "^10.1.0",
        "@noble/hashes": "^1.7.2",
        "debug": "^4.4.0",
        "ethereum-cryptography": "^3.2.0",
        "lru-cache": "11.0.2"
      },
      "engines": {
        "node": ">=18"
      }
    },
    "node_modules/@ethereumjs/common": {
      "version": "10.1.0",
      "resolved": "https://registry.npmjs.org/@ethereumjs/common/-/common-10.1.0.tgz",
      "integrity": "sha512-zIHCy0i2LFmMDp+QkENyoPGxcoD3QzeNVhx6/vE4nJk4uWGNXzO8xJ2UC4gtGW4UJTAOXja8Z1yZMVeRc2/+Ew==",
      "license": "MIT",
      "dependencies": {
        "@ethereumjs/util": "^10.1.0",
        "eventemitter3": "^5.0.1"
      }
    },
    "node_modules/@ethereumjs/mpt": {
      "version": "10.1.0",
      "resolved": "https://registry.npmjs.org/@ethereumjs/mpt/-/mpt-10.1.0.tgz",
      "integrity": "sha512-gWxx8n1OB2Js3EFWNeSdsUdYvw1P5WvdKxHmeq+giO03mt5fGRbuSh3ruXzreG4JRugpNSW6Dwqk+StVwjrQ4Q==",
      "license": "MPL-2.0",
      "dependencies": {
        "@ethereumjs/rlp": "^10.1.0",
        "@ethereumjs/util": "^10.1.0",
        "debug": "^4.4.0",
        "ethereum-cryptography": "^3.2.0",
        "lru-cache": "11.0.2"
      },
      "engines": {
        "node": ">=18"
      }
    },
    "node_modules/@ethereumjs/rlp": {
      "version": "10.1.0",
      "resolved": "https://registry.npmjs.org/@ethereumjs/rlp/-/rlp-10.1.0.tgz",
      "integrity": "sha512-r67BJbwilammAqYI4B5okA66cNdTlFzeWxPNJOolKV52ZS/flo0tUBf4x4gxWXBgh48OgsdFV1Qp5pRoSe8IhQ==",
      "license": "MPL-2.0",
      "bin": {
        "rlp": "bin/rlp.cjs"
      },
      "engines": {
        "node": ">=18"
      }
    },
    "node_modules/@ethereumjs/statemanager": {
      "version": "10.1.0",
      "resolved": "https://registry.npmjs.org/@ethereumjs/statemanager/-/statemanager-10.1.0.tgz",
      "integrity": "sha512-n4AB8olDocXtq/V6SClbZ5zEDfJL7cw3MmkGUb/MVQwJBgYZ143oll4UfGaK7jWQfF5Gth68KEJZQay5Hh3h6g==",
      "license": "MPL-2.0",
      "dependencies": {
        "@ethereumjs/binarytree": "^10.1.0",
        "@ethereumjs/common": "^10.1.0",
        "@ethereumjs/mpt": "^10.1.0",
        "@ethereumjs/rlp": "^10.1.0",
        "@ethereumjs/util": "^10.1.0",
        "@js-sdsl/ordered-map": "^4.4.2",
        "@noble/hashes": "^1.7.2",
        "debug": "^4.4.0",
        "ethereum-cryptography": "^3.2.0",
        "lru-cache": "11.0.2"
      }
    },
    "node_modules/@ethereumjs/tx": {
      "version": "10.1.0",
      "resolved": "https://registry.npmjs.org/@ethereumjs/tx/-/tx-10.1.0.tgz",
      "integrity": "sha512-svG6pyzUZDpunafszf2BaolA6Izuvo8ZTIETIegpKxAXYudV1hmzPQDdSI+d8nHCFyQfEFbQ6tfUq95lNArmmg==",
      "license": "MPL-2.0",
      "dependencies": {
        "@ethereumjs/common": "^10.1.0",
        "@ethereumjs/rlp": "^10.1.0",
        "@ethereumjs/util": "^10.1.0",
        "ethereum-cryptography": "^3.2.0"
      },
      "engines": {
        "node": ">=18"
      }
    },
    "node_modules/@ethereumjs/util": {
      "version": "10.1.0",
      "resolved": "https://registry.npmjs.org/@ethereumjs/util/-/util-10.1.0.tgz",
      "integrity": "sha512-GGTCkRu1kWXbz2JoUnIYtJBOoA9T5akzsYa91Bh+DZQ3Cj4qXj3hkNU0Rx6wZlbcmkmhQfrjZfVt52eJO/y2nA==",
      "license": "MPL-2.0",
      "dependencies": {
        "@ethereumjs/rlp": "^10.1.0",
        "ethereum-cryptography": "^3.2.0"
      },
      "engines": {
        "node": ">=18"
      }
    },
    "node_modules/@js-sdsl/ordered-map": {
      "version": "4.4.2",
      "resolved": "https://registry.npmjs.org/@js-sdsl/ordered-map/-/ordered-map-4.4.2.tgz",
      "integrity": "sha512-iUKgm52T8HOE/makSxjqoWhe95ZJA1/G1sYsGev2JDKUSS14KAgg1LHb+Ba+IPow0xflbnSkOsZcO08C7w1gYw==",
      "license": "MIT",
      "funding": {
        "type": "opencollective",
        "url": "https://opencollective.com/js-sdsl"
      }
    },
    "node_modules/@noble/ciphers": {
      "version": "1.3.0",
      "resolved": "https://registry.npmjs.org/@noble/ciphers/-/ciphers-1.3.0.tgz",
      "integrity": "sha512-2I0gnIVPtfnMw9ee9h1dJG7tp81+8Ob3OJb3Mv37rx5L40/b0i7djjCVvGOVqc9AEIQyvyu1i6ypKdFw8R8gQw==",
      "license": "MIT",
      "engines": {
        "node": "^14.21.3 || >=16"
      },
      "funding": {
        "url": "https://paulmillr.com/funding/"
      }
    },
    "node_modules/@noble/curves": {
      "version": "1.9.7",
      "resolved": "https://registry.npmjs.org/@noble/curves/-/curves-1.9.7.tgz",
      "integrity": "sha512-gbKGcRUYIjA3/zCCNaWDciTMFI0dCkvou3TL8Zmy5Nc7sJ47a0jtOeZoTaMxkuqRo9cRhjOdZJXegxYE5FN/xw==",
      "license": "MIT",
      "dependencies": {
        "@noble/hashes": "1.8.0"
      },
      "engines": {
        "node": "^14.21.3 || >=16"
      },
      "funding": {
        "url": "https://paulmillr.com/funding/"
      }
    },
    "node_modules/@noble/hashes": {
      "version": "1.8.0",
      "resolved": "https://registry.npmjs.org/@noble/hashes/-/hashes-1.8.0.tgz",
      "integrity": "sha512-jCs9ldd7NwzpgXDIf6P3+NrHh9/sD6CQdxHyjQI+h/6rDNo88ypBxxz45UDuZHz9r3tNz7N/VInSVoVdtXEI4A==",
      "license": "MIT",
      "engines": {
        "node": "^14.21.3 || >=16"
      },
      "funding": {
        "url": "https://paulmillr.com/funding/"
      }
    },
    "node_modules/@scure/base": {
      "version": "1.2.6",
      "resolved": "https://registry.npmjs.org/@scure/base/-/base-1.2.6.tgz",
      "integrity": "sha512-g/nm5FgUa//MCj1gV09zTJTaM6KBAHqLN907YVQqf7zC49+DcO4B1so4ZX07Ef10Twr6nuqYEH9GEggFXA4Fmg==",
      "license": "MIT",
      "funding": {
        "url": "https://paulmillr.com/funding/"
      }
    },
    "node_modules/@scure/bip32": {
      "version": "1.7.0",
      "resolved": "https://registry.npmjs.org/@scure/bip32/-/bip32-1.7.0.tgz",
      "integrity": "sha512-E4FFX/N3f4B80AKWp5dP6ow+flD1LQZo/w8UnLGYZO674jS6YnYeepycOOksv+vLPSpgN35wgKgy+ybfTb2SMw==",
      "license": "MIT",
      "dependencies": {
        "@noble/curves": "~1.9.0",
        "@noble/hashes": "~1.8.0",
        "@scure/base": "~1.2.5"
      },
      "funding": {
        "url": "https://paulmillr.com/funding/"
      }
    },
    "node_modules/@scure/bip39": {
      "version": "1.6.0",
      "resolved": "https://registry.npmjs.org/@scure/bip39/-/bip39-1.6.0.tgz",
      "integrity": "sha512-+lF0BbLiJNwVlev4eKelw1WWLaiKXw7sSl8T6FvBlWkdX+94aGJ4o8XjUdlyhTCjd8c+B3KT3JfS8P0bLRNU6A==",
      "license": "MIT",
      "dependencies": {
        "@noble/hashes": "~1.8.0",
        "@scure/base": "~1.2.5"
      },
      "funding": {
        "url": "https://paulmillr.com/funding/"
      }
    },
    "node_modules/@types/node": {
      "version": "22.7.5",
      "resolved": "https://registry.npmjs.org/@types/node/-/node-22.7.5.tgz",
      "integrity": "sha512-jML7s2NAzMWc//QSJ1a3prpk78cOPchGvXJsC3C6R6PSMoooztvRVQEz89gmBTBY1SPMaqo5teB4uNHPdetShQ==",
      "license": "MIT",
      "dependencies": {
        "undici-types": "~6.19.2"
      }
    },
    "node_modules/@zk-kit/imt": {
      "version": "2.0.0-beta.8",
      "resolved": "https://registry.npmjs.org/@zk-kit/imt/-/imt-2.0.0-beta.8.tgz",
      "integrity": "sha512-E6woWWhX+NaDZuB6x932DJ5OACN9zsZZLurcUATyFH6SU+bEn5AX4sW6jfVIAQ1fnKsNOG0qHJtlw3ivwbOmWQ==",
      "license": "MIT",
      "dependencies": {
        "@zk-kit/utils": "1.3.0"
      }
    },
    "node_modules/@zk-kit/utils": {
      "version": "1.3.0",
      "resolved": "https://registry.npmjs.org/@zk-kit/utils/-/utils-1.3.0.tgz",
      "integrity": "sha512-Gqsq5KLDf2WPuZSsNc2KZy25XeK5d5UV9hwLaPEM5wq+GD2qCi1ZBFzNs0OptiJ9GRGtP2J/xptrszWri+pRqQ==",
      "license": "MIT",
      "dependencies": {
        "buffer": "^6.0.3"
      }
    },
    "node_modules/aes-js": {
      "version": "4.0.0-beta.5",
      "resolved": "https://registry.npmjs.org/aes-js/-/aes-js-4.0.0-beta.5.tgz",
      "integrity": "sha512-G965FqalsNyrPqgEGON7nIx1e/OVENSgiEIzyC63haUMuvNnwIgIjMs52hlTCKhkBny7A2ORNlfY9Zu+jmGk1Q==",
      "license": "MIT"
    },
    "node_modules/base64-js": {
      "version": "1.5.1",
      "resolved": "https://registry.npmjs.org/base64-js/-/base64-js-1.5.1.tgz",
      "integrity": "sha512-AKpaYlHn8t4SVbOHCy+b5+KKgvR4vrsD8vbvrbiQJps7fKDTkjkDry6ji0rUJjC0kzbNePLwzxq8iypo41qeWA==",
      "funding": [
        {
          "type": "github",
          "url": "https://github.com/sponsors/feross"
        },
        {
          "type": "patreon",
          "url": "https://www.patreon.com/feross"
        },
        {
          "type": "consulting",
          "url": "https://feross.org/support"
        }
      ],
      "license": "MIT"
    },
    "node_modules/buffer": {
      "version": "6.0.3",
      "resolved": "https://registry.npmjs.org/buffer/-/buffer-6.0.3.tgz",
      "integrity": "sha512-FTiCpNxtwiZZHEZbcbTIcZjERVICn9yq/pDFkTl95/AxzD1naBctN7YO68riM/gLSDY7sdrMby8hofADYuuqOA==",
      "funding": [
        {
          "type": "github",
          "url": "https://github.com/sponsors/feross"
        },
        {
          "type": "patreon",
          "url": "https://www.patreon.com/feross"
        },
        {
          "type": "consulting",
          "url": "https://feross.org/support"
        }
      ],
      "license": "MIT",
      "dependencies": {
        "base64-js": "^1.3.1",
        "ieee754": "^1.2.1"
      }
    },
    "node_modules/debug": {
      "version": "4.4.3",
      "resolved": "https://registry.npmjs.org/debug/-/debug-4.4.3.tgz",
      "integrity": "sha512-RGwwWnwQvkVfavKVt22FGLw+xYSdzARwm0ru6DhTVA3umU5hZc28V3kO4stgYryrTlLpuvgI9GiijltAjNbcqA==",
      "license": "MIT",
      "dependencies": {
        "ms": "^2.1.3"
      },
      "engines": {
        "node": ">=6.0"
      },
      "peerDependenciesMeta": {
        "supports-color": {
          "optional": true
        }
      }
    },
    "node_modules/dotenv": {
      "version": "17.2.3",
      "resolved": "https://registry.npmjs.org/dotenv/-/dotenv-17.2.3.tgz",
      "integrity": "sha512-JVUnt+DUIzu87TABbhPmNfVdBDt18BLOWjMUFJMSi/Qqg7NTYtabbvSNJGOJ7afbRuv9D/lngizHtP7QyLQ+9w==",
      "license": "BSD-2-Clause",
      "engines": {
        "node": ">=12"
      },
      "funding": {
        "url": "https://dotenvx.com"
      }
    },
    "node_modules/ethereum-cryptography": {
      "version": "3.2.0",
      "resolved": "https://registry.npmjs.org/ethereum-cryptography/-/ethereum-cryptography-3.2.0.tgz",
      "integrity": "sha512-Urr5YVsalH+Jo0sYkTkv1MyI9bLYZwW8BENZCeE1QYaTHETEYx0Nv/SVsWkSqpYrzweg6d8KMY1wTjH/1m/BIg==",
      "license": "MIT",
      "dependencies": {
        "@noble/ciphers": "1.3.0",
        "@noble/curves": "1.9.0",
        "@noble/hashes": "1.8.0",
        "@scure/bip32": "1.7.0",
        "@scure/bip39": "1.6.0"
      },
      "engines": {
        "node": "^14.21.3 || >=16",
        "npm": ">=9"
      }
    },
    "node_modules/ethereum-cryptography/node_modules/@noble/curves": {
      "version": "1.9.0",
      "resolved": "https://registry.npmjs.org/@noble/curves/-/curves-1.9.0.tgz",
      "integrity": "sha512-7YDlXiNMdO1YZeH6t/kvopHHbIZzlxrCV9WLqCY6QhcXOoXiNCMDqJIglZ9Yjx5+w7Dz30TITFrlTjnRg7sKEg==",
      "license": "MIT",
      "dependencies": {
        "@noble/hashes": "1.8.0"
      },
      "engines": {
        "node": "^14.21.3 || >=16"
      },
      "funding": {
        "url": "https://paulmillr.com/funding/"
      }
    },
    "node_modules/ethers": {
      "version": "6.16.0",
      "resolved": "https://registry.npmjs.org/ethers/-/ethers-6.16.0.tgz",
      "integrity": "sha512-U1wulmetNymijEhpSEQ7Ct/P/Jw9/e7R1j5XIbPRydgV2DjLVMsULDlNksq3RQnFgKoLlZf88ijYtWEXcPa07A==",
      "funding": [
        {
          "type": "individual",
          "url": "https://github.com/sponsors/ethers-io/"
        },
        {
          "type": "individual",
          "url": "https://www.buymeacoffee.com/ricmoo"
        }
      ],
      "license": "MIT",
      "dependencies": {
        "@adraffy/ens-normalize": "1.10.1",
        "@noble/curves": "1.2.0",
        "@noble/hashes": "1.3.2",
        "@types/node": "22.7.5",
        "aes-js": "4.0.0-beta.5",
        "tslib": "2.7.0",
        "ws": "8.17.1"
      },
      "engines": {
        "node": ">=14.0.0"
      }
    },
    "node_modules/ethers/node_modules/@noble/curves": {
      "version": "1.2.0",
      "resolved": "https://registry.npmjs.org/@noble/curves/-/curves-1.2.0.tgz",
      "integrity": "sha512-oYclrNgRaM9SsBUBVbb8M6DTV7ZHRTKugureoYEncY5c65HOmRzvSiTE3y5CYaPYJA/GVkrhXEoF0M3Ya9PMnw==",
      "license": "MIT",
      "dependencies": {
        "@noble/hashes": "1.3.2"
      },
      "funding": {
        "url": "https://paulmillr.com/funding/"
      }
    },
    "node_modules/ethers/node_modules/@noble/hashes": {
      "version": "1.3.2",
      "resolved": "https://registry.npmjs.org/@noble/hashes/-/hashes-1.3.2.tgz",
      "integrity": "sha512-MVC8EAQp7MvEcm30KWENFjgR+Mkmf+D189XJTkFIlwohU5hcBbn1ZkKq7KVTi2Hme3PMGF390DaL52beVrIihQ==",
      "license": "MIT",
      "engines": {
        "node": ">= 16"
      },
      "funding": {
        "url": "https://paulmillr.com/funding/"
      }
    },
    "node_modules/eventemitter3": {
      "version": "5.0.1",
      "resolved": "https://registry.npmjs.org/eventemitter3/-/eventemitter3-5.0.1.tgz",
      "integrity": "sha512-GWkBvjiSZK87ELrYOSESUYeVIc9mvLLf/nXalMOS5dYrgZq9o5OVkbZAVM06CVxYsCwH9BDZFPlQTlPA1j4ahA==",
      "license": "MIT"
    },
    "node_modules/ieee754": {
      "version": "1.2.1",
      "resolved": "https://registry.npmjs.org/ieee754/-/ieee754-1.2.1.tgz",
      "integrity": "sha512-dcyqhDvX1C46lXZcVqCpK+FtMRQVdIMN6/Df5js2zouUsqG7I6sFxitIC+7KYK29KdXOLHdu9zL4sFnoVQnqaA==",
      "funding": [
        {
          "type": "github",
          "url": "https://github.com/sponsors/feross"
        },
        {
          "type": "patreon",
          "url": "https://www.patreon.com/feross"
        },
        {
          "type": "consulting",
          "url": "https://feross.org/support"
        }
      ],
      "license": "BSD-3-Clause"
    },
    "node_modules/lru-cache": {
      "version": "11.0.2",
      "resolved": "https://registry.npmjs.org/lru-cache/-/lru-cache-11.0.2.tgz",
      "integrity": "sha512-123qHRfJBmo2jXDbo/a5YOQrJoHF/GNQTLzQ5+IdK5pWpceK17yRc6ozlWd25FxvGKQbIUs91fDFkXmDHTKcyA==",
      "license": "ISC",
      "engines": {
        "node": "20 || >=22"
      }
    },
    "node_modules/ms": {
      "version": "2.1.3",
      "resolved": "https://registry.npmjs.org/ms/-/ms-2.1.3.tgz",
      "integrity": "sha512-6FlzubTLZG3J2a/NVCAleEhjzq5oxgHyaCU9yYXvcLsvoVaHJq/s5xXI6/XXP6tz7R9xAOtHnSO/tXtF3WRTlA==",
      "license": "MIT"
    },
    "node_modules/poseidon-bls12381": {
      "version": "1.0.2",
      "resolved": "https://registry.npmjs.org/poseidon-bls12381/-/poseidon-bls12381-1.0.2.tgz",
      "integrity": "sha512-dcKfdVuFR2MsWJsMPoFKQkEgJja0/haM/BIEasCFvtcxqT+TYcYWddBg0w/FDDpX7Woq3VdxJrifNnU4Bj/UlA==",
      "license": "MIT"
    },
    "node_modules/tslib": {
      "version": "2.7.0",
      "resolved": "https://registry.npmjs.org/tslib/-/tslib-2.7.0.tgz",
      "integrity": "sha512-gLXCKdN1/j47AiHiOkJN69hJmcbGTHI0ImLmbYLHykhgeN0jVGola9yVjFgzCUklsZQMW55o+dW7IXv3RCXDzA==",
      "license": "0BSD"
    },
    "node_modules/typescript": {
      "version": "5.9.3",
      "resolved": "https://registry.npmjs.org/typescript/-/typescript-5.9.3.tgz",
      "integrity": "sha512-jl1vZzPDinLr9eUt3J/t7V6FgNEw9QjvBPdysz9KfQDD41fQrC2Y4vKQdiaUpFT4bXlb1RHhLpp8wtm6M5TgSw==",
      "dev": true,
      "license": "Apache-2.0",
      "bin": {
        "tsc": "bin/tsc",
        "tsserver": "bin/tsserver"
      },
      "engines": {
        "node": ">=14.17"
      }
    },
    "node_modules/undici-types": {
      "version": "6.19.8",
      "resolved": "https://registry.npmjs.org/undici-types/-/undici-types-6.19.8.tgz",
      "integrity": "sha512-ve2KP6f/JnbPBFyobGHuerC9g1FYGn/F8n1LWTwNxCEzd6IfqTwUQcNXgEtmmQ6DlRrC1hrSrBnCZPokRrDHjw==",
      "license": "MIT"
    },
    "node_modules/ws": {
      "version": "8.17.1",
      "resolved": "https://registry.npmjs.org/ws/-/ws-8.17.1.tgz",
      "integrity": "sha512-6XQFvXTkbfUOZOKKILFG1PDK2NDQs4azKQl26T0YS5CxqWLgXajbPZ+h4gZekJyRqFU8pvnbAbbs/3TgRPy+GQ==",
      "license": "MIT",
      "engines": {
        "node": ">=10.0.0"
      },
      "peerDependencies": {
        "bufferutil": "^4.0.1",
        "utf-8-validate": ">=5.0.2"
      },
      "peerDependenciesMeta": {
        "bufferutil": {
          "optional": true
        },
        "utf-8-validate": {
          "optional": true
        }
      }
    }
  }
}
